
Microsoft Visual Studio Solution File, Format Version 12.00
# Visual Studio Version 17
VisualStudioVersion = 17.0.31912.275
MinimumVisualStudioVersion = 10.0.40219.1
Project("{FAE04EC0-301F-11D3-BF4B-00C04F79EFBC}") = "Reverse Method", "Reverse Method\Reverse Method.csproj", "{68F8C76F-236D-4DD9-80A3-FAAE7ECD2198}"
EndProject
Global
	GlobalSection(SolutionConfigurationPlatforms) = preSolution
		Debug|Any CPU = Debug|Any CPU
		Release|Any CPU = Release|Any CPU
	EndGlobalSection
	GlobalSection(ProjectConfigurationPlatforms) = postSolution
		{68F8C76F-236D-4DD9-80A3-FAAE7ECD2198}.Debug|Any CPU.ActiveCfg = Debug|Any CPU
		{68F8C76F-236D-4DD9-80A3-FAAE7ECD2198}.Debug|Any CPU.Build.0 = Debug|Any CPU
		{68F8C76F-236D-4DD9-80A3-FAAE7ECD2198}.Release|Any CPU.ActiveCfg = Release|Any CPU
		{68F8C76F-236D-4DD9-80A3-FAAE7ECD2198}.Release|Any CPU.Build.0 = Release|Any CPU
	EndGlobalSection
	GlobalSection(SolutionProperties) = preSolution
		HideSolutionNode = FALSE
	EndGlobalSection
	GlobalSection(ExtensibilityGlobals) = postSolution
		SolutionGuid = {15606C4A-925E-4831-B543-66CAF4D8F502}
	EndGlobalSection
EndGlobal
